
Microsoft Visual Studio Solution File, Format Version 12.00
# Visual Studio Version 17
VisualStudioVersion = 17.11.35327.3
MinimumVisualStudioVersion = 10.0.40219.1
Project("{FAE04EC0-301F-11D3-BF4B-00C04F79EFBC}") = "___PROJECTNAME___", "___PROJECTNAME___.csproj", "{2E792F79-57DF-4392-8FDB-1D02E32748E2}"
EndProject
Global
	GlobalSection(SolutionConfigurationPlatforms) = preSolution
		Debug|Any CPU = Debug|Any CPU
		Release|Any CPU = Release|Any CPU
	EndGlobalSection
	GlobalSection(ProjectConfigurationPlatforms) = postSolution
		{2E792F79-57DF-4392-8FDB-1D02E32748E2}.Debug|Any CPU.ActiveCfg = Debug|Any CPU
		{2E792F79-57DF-4392-8FDB-1D02E32748E2}.Debug|Any CPU.Build.0 = Debug|Any CPU
		{2E792F79-57DF-4392-8FDB-1D02E32748E2}.Debug|Any CPU.Deploy.0 = Debug|Any CPU
		{2E792F79-57DF-4392-8FDB-1D02E32748E2}.Release|Any CPU.ActiveCfg = Release|Any CPU
		{2E792F79-57DF-4392-8FDB-1D02E32748E2}.Release|Any CPU.Build.0 = Release|Any CPU
		{2E792F79-57DF-4392-8FDB-1D02E32748E2}.Release|Any CPU.Deploy.0 = Release|Any CPU
	EndGlobalSection
	GlobalSection(SolutionProperties) = preSolution
		HideSolutionNode = FALSE
	EndGlobalSection
	GlobalSection(ExtensibilityGlobals) = postSolution
		SolutionGuid = {8454001C-D021-457E-93DB-241AAD29A156}
	EndGlobalSection
EndGlobal
